
Microsoft Visual Studio Solution File, Format Version 12.00
# Visual Studio 14
VisualStudioVersion = 14.0.25420.1
MinimumVisualStudioVersion = 10.0.40219.1
Project("{FAE04EC0-301F-11D3-BF4B-00C04F79EFBC}") = "InputSomeThing", "ConsoleApplication1\InputSomeThing.csproj", "{6498E38D-3B78-409D-AD7A-7E057093E9ED}"
	ProjectSection(ProjectDependencies) = postProject
		{03D1C5B3-74C1-453F-8533-831D662078EB} = {03D1C5B3-74C1-453F-8533-831D662078EB}
	EndProjectSection
EndProject
Project("{FAE04EC0-301F-11D3-BF4B-00C04F79EFBC}") = "DataAcess", "DataAcess\DataAcess.csproj", "{03D1C5B3-74C1-453F-8533-831D662078EB}"
EndProject
Global
	GlobalSection(SolutionConfigurationPlatforms) = preSolution
		Debug|Any CPU = Debug|Any CPU
		Debug|x64 = Debug|x64
		Debug|x86 = Debug|x86
		Release|Any CPU = Release|Any CPU
		Release|x64 = Release|x64
		Release|x86 = Release|x86
	EndGlobalSection
	GlobalSection(ProjectConfigurationPlatforms) = postSolution
		{6498E38D-3B78-409D-AD7A-7E057093E9ED}.Debug|Any CPU.ActiveCfg = Debug|Any CPU
		{6498E38D-3B78-409D-AD7A-7E057093E9ED}.Debug|Any CPU.Build.0 = Debug|Any CPU
		{6498E38D-3B78-409D-AD7A-7E057093E9ED}.Debug|x64.ActiveCfg = Debug|Any CPU
		{6498E38D-3B78-409D-AD7A-7E057093E9ED}.Debug|x64.Build.0 = Debug|Any CPU
		{6498E38D-3B78-409D-AD7A-7E057093E9ED}.Debug|x86.ActiveCfg = Debug|Any CPU
		{6498E38D-3B78-409D-AD7A-7E057093E9ED}.Debug|x86.Build.0 = Debug|Any CPU
		{6498E38D-3B78-409D-AD7A-7E057093E9ED}.Release|Any CPU.ActiveCfg = Release|Any CPU
		{6498E38D-3B78-409D-AD7A-7E057093E9ED}.Release|Any CPU.Build.0 = Release|Any CPU
		{6498E38D-3B78-409D-AD7A-7E057093E9ED}.Release|x64.ActiveCfg = Release|Any CPU
		{6498E38D-3B78-409D-AD7A-7E057093E9ED}.Release|x64.Build.0 = Release|Any CPU
		{6498E38D-3B78-409D-AD7A-7E057093E9ED}.Release|x86.ActiveCfg = Release|Any CPU
		{6498E38D-3B78-409D-AD7A-7E057093E9ED}.Release|x86.Build.0 = Release|Any CPU
		{03D1C5B3-74C1-453F-8533-831D662078EB}.Debug|Any CPU.ActiveCfg = Debug|Any CPU
		{03D1C5B3-74C1-453F-8533-831D662078EB}.Debug|Any CPU.Build.0 = Debug|Any CPU
		{03D1C5B3-74C1-453F-8533-831D662078EB}.Debug|x64.ActiveCfg = Debug|x64
		{03D1C5B3-74C1-453F-8533-831D662078EB}.Debug|x64.Build.0 = Debug|x64
		{03D1C5B3-74C1-453F-8533-831D662078EB}.Debug|x86.ActiveCfg = Debug|x86
		{03D1C5B3-74C1-453F-8533-831D662078EB}.Debug|x86.Build.0 = Debug|x86
		{03D1C5B3-74C1-453F-8533-831D662078EB}.Release|Any CPU.ActiveCfg = Release|Any CPU
		{03D1C5B3-74C1-453F-8533-831D662078EB}.Release|Any CPU.Build.0 = Release|Any CPU
		{03D1C5B3-74C1-453F-8533-831D662078EB}.Release|x64.ActiveCfg = Release|x64
		{03D1C5B3-74C1-453F-8533-831D662078EB}.Release|x64.Build.0 = Release|x64
		{03D1C5B3-74C1-453F-8533-831D662078EB}.Release|x86.ActiveCfg = Release|x86
		{03D1C5B3-74C1-453F-8533-831D662078EB}.Release|x86.Build.0 = Release|x86
	EndGlobalSection
	GlobalSection(SolutionProperties) = preSolution
		HideSolutionNode = FALSE
	EndGlobalSection
EndGlobal
